{
  "object": {
    "pins": [
      {
        "package": "COpenSSL",
        "repositoryURL": "https://github.com/PerfectlySoft/Perfect-COpenSSL.git",
        "state": {
          "branch": null,
          "revision": "6a2aafd5e233051deeaba27bdfe8c12d9fa88886",
          "version": "3.1.3"
        }
      },
      {
        "package": "PerfectCRUD",
        "repositoryURL": "https://github.com/PerfectlySoft/Perfect-CRUD.git",
        "state": {
          "branch": null,
          "revision": "509f1f9849f49743a2cca2656fc7b5858bff9f2f",
          "version": "1.0.2"
        }
      },
      {
        "package": "PerfectCrypto",
        "repositoryURL": "https://github.com/PerfectlySoft/Perfect-Crypto.git",
        "state": {
          "branch": null,
          "revision": "18c46956149f9550e1b9540dd84536625284ac29",
          "version": "3.1.1"
        }
      },
      {
        "package": "PerfectCURL",
        "repositoryURL": "https://github.com/PerfectlySoft/Perfect-CURL.git",
        "state": {
          "branch": null,
          "revision": "d81d96a74f43407a4b57a7c5335fd19515b50aeb",
          "version": "3.0.6"
        }
      },
      {
        "package": "PerfectCZlib",
        "repositoryURL": "https://github.com/PerfectlySoft/Perfect-CZlib-src.git",
        "state": {
          "branch": null,
          "revision": "b63e46909aad937c6434766f8f8c6720d8f3bd05",
          "version": "0.0.4"
        }
      },
      {
        "package": "PerfectHTTP",
        "repositoryURL": "https://github.com/PerfectlySoft/Perfect-HTTP.git",
        "state": {
          "branch": null,
          "revision": "1800d923271679170f9beef030566c7290a2d170",
          "version": "3.0.12"
        }
      },
      {
        "package": "PerfectHTTPServer",
        "repositoryURL": "https://github.com/PerfectlySoft/Perfect-HTTPServer.git",
        "state": {
          "branch": null,
          "revision": "53372d8af2cd1b799886576a55e997b27514247d",
          "version": "3.0.12"
        }
      },
      {
        "package": "cURL",
        "repositoryURL": "https://github.com/PerfectlySoft/Perfect-libcurl.git",
        "state": {
          "branch": null,
          "revision": "672f6695d9ae04fce16ad01decef0649e0b872b0",
          "version": "2.0.6"
        }
      },
      {
        "package": "libpq",
        "repositoryURL": "https://github.com/PerfectlySoft/Perfect-libpq.git",
        "state": {
          "branch": null,
          "revision": "8b8ff3ceff9af35d9fa4da1f3a93e77dabfcc095",
          "version": "2.0.1"
        }
      },
      {
        "package": "PerfectLogger",
        "repositoryURL": "https://github.com/PerfectlySoft/Perfect-Logger.git",
        "state": {
          "branch": null,
          "revision": "2f1baef51d316d8bc1d919e6d89f55be6b3f914c",
          "version": "3.0.5"
        }
      },
      {
        "package": "PerfectNet",
        "repositoryURL": "https://github.com/PerfectlySoft/Perfect-Net.git",
        "state": {
          "branch": null,
          "revision": "771e32291e070e22b824c8eb2b37b5ea819f7f97",
          "version": "3.1.1"
        }
      },
      {
        "package": "PerfectPostgreSQL",
        "repositoryURL": "https://github.com/PerfectlySoft/Perfect-PostgreSQL.git",
        "state": {
          "branch": null,
          "revision": "9bcbfec4eccadb5f414fd2f3c8727f9dad24ad2f",
          "version": "3.1.0"
        }
      },
      {
        "package": "PerfectThread",
        "repositoryURL": "https://github.com/PerfectlySoft/Perfect-Thread.git",
        "state": {
          "branch": null,
          "revision": "d783048201086dc2cdc08627041e5001157db7f3",
          "version": "3.0.4"
        }
      },
      {
        "package": "PerfectLib",
        "repositoryURL": "https://github.com/PerfectlySoft/PerfectLib.git",
        "state": {
          "branch": null,
          "revision": "718432e78c1ce361fe922eea4810130fc72e2191",
          "version": "3.0.4"
        }
      },
      {
        "package": "PostgresStORM",
        "repositoryURL": "https://github.com/SwiftORM/Postgres-StORM.git",
        "state": {
          "branch": null,
          "revision": "002c045b21a4719d97269cdb6f3c6d4ee2d39901",
          "version": "3.1.0"
        }
      },
      {
        "package": "StORM",
        "repositoryURL": "https://github.com/SwiftORM/StORM.git",
        "state": {
          "branch": null,
          "revision": "8b0578ef364013e3ce0ee9b83fee73d0d801cd37",
          "version": "3.2.1"
        }
      },
      {
        "package": "SwiftMoment",
        "repositoryURL": "https://github.com/iamjono/SwiftMoment.git",
        "state": {
          "branch": null,
          "revision": "2db870fe30d6ab327458df038a56727f23a3da18",
          "version": "1.0.0"
        }
      },
      {
        "package": "SwiftString",
        "repositoryURL": "https://github.com/iamjono/SwiftString.git",
        "state": {
          "branch": null,
          "revision": "a628671f5d84a31bd9d4220eb434da888f364b79",
          "version": "2.0.4"
        }
      }
    ]
  },
  "version": 1
}
